// !$*UTF8*$!
{
	archiveVersion = 1;
	classes = {
	};
	objectVersion = 56;
	objects = {

/* Begin PBXBuildFile section */
		9C759035C22B10B5754128C7 /* CueApp.swift in Sources */ = {isa = PBXBuildFile; fileRef = 372DA0F39CC3485F7D292076 /* CueApp.swift */; };
		65E5BEB2E01545F228D80DCD /* Cue.swift in Sources */ = {isa = PBXBuildFile; fileRef = 6168B6A53A493AC49FD9F223 /* Cue.swift */; };
		805A6232D3EC900D44609D82 /* Models.swift in Sources */ = {isa = PBXBuildFile; fileRef = 74A5E9BA8482415525970AE5 /* Models.swift */; };
		E185FF80EB107B5260280661 /* SignInView.swift in Sources */ = {isa = PBXBuildFile; fileRef = 7C31DE9697A03BCBD8949CAC /* SignInView.swift */; };
		E9C5F7B1F292F26260B15C10 /* ProfilesView.swift in Sources */ = {isa = PBXBuildFile; fileRef = A24A0637A8AC6F163A016E8D /* ProfilesView.swift */; };
		210795A5EF1ED14BD466B852 /* LiveView.swift in Sources */ = {isa = PBXBuildFile; fileRef = 0DCB00DFFB424BCFCCD8DACA /* LiveView.swift */; };
		EFC863CE6EF5499F85314356 /* PlayerScreen.swift in Sources */ = {isa = PBXBuildFile; fileRef = C52831D5005F7B03A448DE79 /* PlayerScreen.swift */; };
/* End PBXBuildFile section */

/* Begin PBXFileReference section */
		F5BF48AA40CAD7891EB709FC /* Cue.app */ = {isa = PBXFileReference; explicitFileType = wrapper.application; includeInIndex = 0; path = Cue.app; sourceTree = BUILT_PRODUCTS_DIR; };
		372DA0F39CC3485F7D292076 /* CueApp.swift */ = {isa = PBXFileReference; lastKnownFileType = sourcecode.swift; path = CueApp.swift; sourceTree = "<group>"; };
		6168B6A53A493AC49FD9F223 /* Cue.swift */ = {isa = PBXFileReference; lastKnownFileType = sourcecode.swift; path = Cue.swift; sourceTree = "<group>"; };
		74A5E9BA8482415525970AE5 /* Models.swift */ = {isa = PBXFileReference; lastKnownFileType = sourcecode.swift; path = Models.swift; sourceTree = "<group>"; };
		7C31DE9697A03BCBD8949CAC /* SignInView.swift */ = {isa = PBXFileReference; lastKnownFileType = sourcecode.swift; path = SignInView.swift; sourceTree = "<group>"; };
		A24A0637A8AC6F163A016E8D /* ProfilesView.swift */ = {isa = PBXFileReference; lastKnownFileType = sourcecode.swift; path = ProfilesView.swift; sourceTree = "<group>"; };
		0DCB00DFFB424BCFCCD8DACA /* LiveView.swift */ = {isa = PBXFileReference; lastKnownFileType = sourcecode.swift; path = LiveView.swift; sourceTree = "<group>"; };
		C52831D5005F7B03A448DE79 /* PlayerScreen.swift */ = {isa = PBXFileReference; lastKnownFileType = sourcecode.swift; path = PlayerScreen.swift; sourceTree = "<group>"; };
		99D288D75AE11A0DB2B6E1FB /* Info.plist */ = {isa = PBXFileReference; lastKnownFileType = text.plist.xml; path = Info.plist; sourceTree = "<group>"; };
/* End PBXFileReference section */

/* Begin PBXFrameworksBuildPhase section */
		4F6F5CC3FCCF73F75AE9CCF4 /* Frameworks */ = {
			isa = PBXFrameworksBuildPhase;
			buildActionMask = 2147483647;
			files = (
			);
			runOnlyForDeploymentPostprocessing = 0;
		};
/* End PBXFrameworksBuildPhase section */

/* Begin PBXGroup section */
		8D3FC6DB5D0827F168A73277 = {
			isa = PBXGroup;
			children = (
				BB02FE6C4678B79B215868AF /* CueTV */,
				1BADDC1D73C1A20F347483E1 /* Products */,
			);
			sourceTree = "<group>";
		};
		1BADDC1D73C1A20F347483E1 /* Products */ = {
			isa = PBXGroup;
			children = (
				F5BF48AA40CAD7891EB709FC /* Cue.app */,
			);
			name = Products;
			sourceTree = "<group>";
		};
		BB02FE6C4678B79B215868AF /* CueTV */ = {
			isa = PBXGroup;
			children = (
				372DA0F39CC3485F7D292076 /* CueApp.swift */,
				6168B6A53A493AC49FD9F223 /* Cue.swift */,
				74A5E9BA8482415525970AE5 /* Models.swift */,
				7C31DE9697A03BCBD8949CAC /* SignInView.swift */,
				A24A0637A8AC6F163A016E8D /* ProfilesView.swift */,
				0DCB00DFFB424BCFCCD8DACA /* LiveView.swift */,
				C52831D5005F7B03A448DE79 /* PlayerScreen.swift */,
				99D288D75AE11A0DB2B6E1FB /* Info.plist */,
			);
			path = CueTV;
			sourceTree = "<group>";
		};
/* End PBXGroup section */

/* Begin PBXNativeTarget section */
		42AEFBAE01D2DFD981F7DA7D /* CueTV */ = {
			isa = PBXNativeTarget;
			buildConfigurationList = 635EC1FCDBCFB43E5DD8BE7B /* Build configuration list for PBXNativeTarget "CueTV" */;
			buildPhases = (
				F2AB5FB218DA8B84623F4557 /* Sources */,
				4F6F5CC3FCCF73F75AE9CCF4 /* Frameworks */,
				55B558C7EF820E6E00E5993B /* Resources */,
			);
			buildRules = (
			);
			dependencies = (
			);
			name = CueTV;
			productName = Cue;
			productReference = F5BF48AA40CAD7891EB709FC /* Cue.app */;
			productType = "com.apple.product-type.application";
		};
/* End PBXNativeTarget section */

/* Begin PBXProject section */
		46F86FAA6BBF9AC94A7E4595 /* Project object */ = {
			isa = PBXProject;
			attributes = {
				BuildIndependentTargetsInParallel = 1;
				LastSwiftUpdateCheck = 1520;
				LastUpgradeCheck = 1520;
				TargetAttributes = {
					42AEFBAE01D2DFD981F7DA7D = {
						CreatedOnToolsVersion = 15.2;
					};
				};
			};
			buildConfigurationList = 314BFBDCE2E54CE0E31FB38A /* Build configuration list for PBXProject "CueTV" */;
			compatibilityVersion = "Xcode 14.0";
			developmentRegion = en;
			hasScannedForEncodings = 0;
			knownRegions = (
				en,
				Base,
			);
			mainGroup = 8D3FC6DB5D0827F168A73277;
			productRefGroup = 1BADDC1D73C1A20F347483E1 /* Products */;
			projectDirPath = "";
			projectRoot = "";
			targets = (
				42AEFBAE01D2DFD981F7DA7D /* CueTV */,
			);
		};
/* End PBXProject section */

/* Begin PBXResourcesBuildPhase section */
		55B558C7EF820E6E00E5993B /* Resources */ = {
			isa = PBXResourcesBuildPhase;
			buildActionMask = 2147483647;
			files = (
			);
			runOnlyForDeploymentPostprocessing = 0;
		};
/* End PBXResourcesBuildPhase section */

/* Begin PBXSourcesBuildPhase section */
		F2AB5FB218DA8B84623F4557 /* Sources */ = {
			isa = PBXSourcesBuildPhase;
			buildActionMask = 2147483647;
			files = (
				9C759035C22B10B5754128C7 /* CueApp.swift in Sources */,
				65E5BEB2E01545F228D80DCD /* Cue.swift in Sources */,
				805A6232D3EC900D44609D82 /* Models.swift in Sources */,
				E185FF80EB107B5260280661 /* SignInView.swift in Sources */,
				E9C5F7B1F292F26260B15C10 /* ProfilesView.swift in Sources */,
				210795A5EF1ED14BD466B852 /* LiveView.swift in Sources */,
				EFC863CE6EF5499F85314356 /* PlayerScreen.swift in Sources */,
			);
			runOnlyForDeploymentPostprocessing = 0;
		};
/* End PBXSourcesBuildPhase section */

/* Begin XCBuildConfiguration section */
		FA9139DD8B03E3F922556BF8 /* Debug */ = {
			isa = XCBuildConfiguration;
			buildSettings = {
				ALWAYS_SEARCH_USER_PATHS = NO;
				CLANG_ENABLE_MODULES = YES;
				CLANG_ENABLE_OBJC_ARC = YES;
				ENABLE_STRICT_OBJC_MSGSEND = YES;
				ENABLE_USER_SCRIPT_SANDBOXING = YES;
				GCC_NO_COMMON_BLOCKS = YES;
				SDKROOT = appletvos;
				TVOS_DEPLOYMENT_TARGET = 17.0;
				SWIFT_VERSION = 5.0;
				DEBUG_INFORMATION_FORMAT = dwarf;
				ENABLE_TESTABILITY = YES;
				GCC_OPTIMIZATION_LEVEL = 0;
				ONLY_ACTIVE_ARCH = YES;
				SWIFT_ACTIVE_COMPILATION_CONDITIONS = DEBUG;
				SWIFT_OPTIMIZATION_LEVEL = "-Onone";
			};
			name = Debug;
		};
		FFE2104CCFAB79205AC64460 /* Release */ = {
			isa = XCBuildConfiguration;
			buildSettings = {
				ALWAYS_SEARCH_USER_PATHS = NO;
				CLANG_ENABLE_MODULES = YES;
				CLANG_ENABLE_OBJC_ARC = YES;
				ENABLE_STRICT_OBJC_MSGSEND = YES;
				ENABLE_USER_SCRIPT_SANDBOXING = YES;
				GCC_NO_COMMON_BLOCKS = YES;
				SDKROOT = appletvos;
				TVOS_DEPLOYMENT_TARGET = 17.0;
				SWIFT_VERSION = 5.0;
				DEBUG_INFORMATION_FORMAT = "dwarf-with-dsym";
				ENABLE_NS_ASSERTIONS = NO;
				SWIFT_COMPILATION_MODE = wholemodule;
				SWIFT_OPTIMIZATION_LEVEL = "-O";
				VALIDATE_PRODUCT = YES;
			};
			name = Release;
		};
		5300D7EBF50D2A4907AFFF78 /* Debug */ = {
			isa = XCBuildConfiguration;
			buildSettings = {
				CODE_SIGN_STYLE = Automatic;
				CURRENT_PROJECT_VERSION = 1;
				DEVELOPMENT_TEAM = "";
				GENERATE_INFOPLIST_FILE = NO;
				INFOPLIST_FILE = CueTV/Info.plist;
				LD_RUNPATH_SEARCH_PATHS = "$(inherited) @executable_path/Frameworks";
				MARKETING_VERSION = 1.0;
				PRODUCT_BUNDLE_IDENTIFIER = "me.cuetv.appletv";
				PRODUCT_NAME = Cue;
				SWIFT_EMIT_LOC_STRINGS = NO;
				TARGETED_DEVICE_FAMILY = 3;
			};
			name = Debug;
		};
		6A9C4D09739760F1345B2D45 /* Release */ = {
			isa = XCBuildConfiguration;
			buildSettings = {
				CODE_SIGN_STYLE = Automatic;
				CURRENT_PROJECT_VERSION = 1;
				DEVELOPMENT_TEAM = "";
				GENERATE_INFOPLIST_FILE = NO;
				INFOPLIST_FILE = CueTV/Info.plist;
				LD_RUNPATH_SEARCH_PATHS = "$(inherited) @executable_path/Frameworks";
				MARKETING_VERSION = 1.0;
				PRODUCT_BUNDLE_IDENTIFIER = "me.cuetv.appletv";
				PRODUCT_NAME = Cue;
				SWIFT_EMIT_LOC_STRINGS = NO;
				TARGETED_DEVICE_FAMILY = 3;
			};
			name = Release;
		};
/* End XCBuildConfiguration section */

/* Begin XCConfigurationList section */
		314BFBDCE2E54CE0E31FB38A /* Build configuration list for PBXProject "CueTV" */ = {
			isa = XCConfigurationList;
			buildConfigurations = (
				FA9139DD8B03E3F922556BF8 /* Debug */,
				FFE2104CCFAB79205AC64460 /* Release */,
			);
			defaultConfigurationIsVisible = 0;
			defaultConfigurationName = Release;
		};
		635EC1FCDBCFB43E5DD8BE7B /* Build configuration list for PBXNativeTarget "CueTV" */ = {
			isa = XCConfigurationList;
			buildConfigurations = (
				5300D7EBF50D2A4907AFFF78 /* Debug */,
				6A9C4D09739760F1345B2D45 /* Release */,
			);
			defaultConfigurationIsVisible = 0;
			defaultConfigurationName = Release;
		};
/* End XCConfigurationList section */
	};
	rootObject = 46F86FAA6BBF9AC94A7E4595 /* Project object */;
}
